// !$*UTF8*$!
{
	archiveVersion = 1;
	classes = {
	};
	objectVersion = 70;
	objects = {

/* Begin PBXBuildFile section */
		111BE95D2ECD71E10079DD4E /* AsyncXPCConnection in Frameworks */ = {isa = PBXBuildFile; productRef = 111BE95C2ECD71E10079DD4E /* AsyncXPCConnection */; };
		111BEA512ECFBF7F0079DD4E /* MacroVisionKit in Frameworks */ = {isa = PBXBuildFile; productRef = 111BEA502ECFBF7F0079DD4E /* MacroVisionKit */; };
		111BEA5F2ED07A340079DD4E /* MacroVisionKit in Frameworks */ = {isa = PBXBuildFile; productRef = 111BEA5E2ED07A340079DD4E /* MacroVisionKit */; };
		111BEA6F2ED166E20079DD4E /* MacroVisionKit in Frameworks */ = {isa = PBXBuildFile; productRef = 111BEA6E2ED166E20079DD4E /* MacroVisionKit */; };
		112B0EB82E30DD0F00562D6C /* MediaRemoteAdapterTestClient in Resources */ = {isa = PBXBuildFile; fileRef = 112B0EB52E30DD0F00562D6C /* MediaRemoteAdapterTestClient */; };
		112B0EB92E30DD0F00562D6C /* mediaremote-adapter.pl in Resources */ = {isa = PBXBuildFile; fileRef = 112B0EB32E30DD0F00562D6C /* mediaremote-adapter.pl */; };
		112B0EBB2E30DD5000562D6C /* MediaRemoteAdapter.framework in Frameworks */ = {isa = PBXBuildFile; fileRef = 112B0EBA2E30DD5000562D6C /* MediaRemoteAdapter.framework */; };
		117AB5172E30E09C00558921 /* MediaRemoteAdapter.framework in Embed Frameworks */ = {isa = PBXBuildFile; fileRef = 112B0EBA2E30DD5000562D6C /* MediaRemoteAdapter.framework */; settings = {ATTRIBUTES = (CodeSignOnCopy, RemoveHeadersOnCopy, ); }; };
		1194E8852EA57D23009C82D6 /* SkyLightWindow in Frameworks */ = {isa = PBXBuildFile; productRef = 1194E8842EA57D23009C82D6 /* SkyLightWindow */; };
		11F7485B2EC9AABA00F841DB /* BoringNotchXPCHelper.xpc in Embed XPC Services */ = {isa = PBXBuildFile; fileRef = 11F7484F2EC9AABA00F841DB /* BoringNotchXPCHelper.xpc */; settings = {ATTRIBUTES = (RemoveHeadersOnCopy, ); }; };
		11F748732EC9DA9300F841DB /* Lottie in Frameworks */ = {isa = PBXBuildFile; productRef = 11F748722EC9DA9300F841DB /* Lottie */; };
		14A7E5972C65FD31008C1BE9 /* boring.m4a in Resources */ = {isa = PBXBuildFile; fileRef = 14A7E5962C65FD31008C1BE9 /* boring.m4a */; };
		14CEF4162C5CAED300855D72 /* BoringNotchApp.swift in Sources */ = {isa = PBXBuildFile; fileRef = 14CEF4152C5CAED300855D72 /* BoringNotchApp.swift */; };
		14CEF4182C5CAED300855D72 /* ContentView.swift in Sources */ = {isa = PBXBuildFile; fileRef = 14CEF4172C5CAED300855D72 /* ContentView.swift */; };
		14CEF41A2C5CAED400855D72 /* Assets.xcassets in Resources */ = {isa = PBXBuildFile; fileRef = 14CEF4192C5CAED400855D72 /* Assets.xcassets */; };
		14CEF41D2C5CAED400855D72 /* Preview Assets.xcassets in Resources */ = {isa = PBXBuildFile; fileRef = 14CEF41C2C5CAED400855D72 /* Preview Assets.xcassets */; };
		14D0321A2C68F32E0096E6A1 /* LaunchAtLogin in Frameworks */ = {isa = PBXBuildFile; productRef = 14D032192C68F32E0096E6A1 /* LaunchAtLogin */; };
		14D0321D2C68F3350096E6A1 /* Sparkle in Frameworks */ = {isa = PBXBuildFile; productRef = 14D0321C2C68F3350096E6A1 /* Sparkle */; };
		1F78249F2EDBA5B6000E355F /* SegmentedFlowPicker in Frameworks */ = {isa = PBXBuildFile; productRef = 1F78249E2EDBA5B6000E355F /* SegmentedFlowPicker */; };
		1FEB3CC92EDDEE8E0017840F /* AppDelegate.swift in Sources */ = {isa = PBXBuildFile; fileRef = 1FEB3CC82EDDEE8B0017840F /* AppDelegate.swift */; };
		9A987A102C73CA8D005CA465 /* Collections in Frameworks */ = {isa = PBXBuildFile; productRef = 9A987A0F2C73CA8D005CA465 /* Collections */; };
		B1628B922CC260C0003D8DF3 /* SwiftUIIntrospect in Frameworks */ = {isa = PBXBuildFile; productRef = B1628B912CC260C0003D8DF3 /* SwiftUIIntrospect */; };
		B17266E12C6532560031BA0D /* Localizable.xcstrings in Resources */ = {isa = PBXBuildFile; fileRef = B17266E02C6532560031BA0D /* Localizable.xcstrings */; };
		B18654392C6F4990000B926A /* KeyboardShortcuts in Frameworks */ = {isa = PBXBuildFile; productRef = B18654382C6F4990000B926A /* KeyboardShortcuts */; };
		B19016222CC15B3D00E3F12E /* Defaults in Frameworks */ = {isa = PBXBuildFile; productRef = B19016212CC15B3D00E3F12E /* Defaults */; };
/* End PBXBuildFile section */

/* Begin PBXContainerItemProxy section */
		11F748592EC9AABA00F841DB /* PBXContainerItemProxy */ = {
			isa = PBXContainerItemProxy;
			containerPortal = 14CEF40A2C5CAED200855D72 /* Project object */;
			proxyType = 1;
			remoteGlobalIDString = 11F7484E2EC9AABA00F841DB;
			remoteInfo = BoringNotchXPCHelper;
		};
/* End PBXContainerItemProxy section */

/* Begin PBXCopyFilesBuildPhase section */
		11F748412EC8051E00F841DB /* Embed XPC Services */ = {
			isa = PBXCopyFilesBuildPhase;
			buildActionMask = 2147483647;
			dstPath = "$(CONTENTS_FOLDER_PATH)/XPCServices";
			dstSubfolderSpec = 16;
			files = (
				11F7485B2EC9AABA00F841DB /* BoringNotchXPCHelper.xpc in Embed XPC Services */,
			);
			name = "Embed XPC Services";
			runOnlyForDeploymentPostprocessing = 0;
		};
		B1ECFA062C6FE58A002ACD87 /* Embed Frameworks */ = {
			isa = PBXCopyFilesBuildPhase;
			buildActionMask = 12;
			dstPath = "";
			dstSubfolderSpec = 10;
			files = (
				117AB5172E30E09C00558921 /* MediaRemoteAdapter.framework in Embed Frameworks */,
			);
			name = "Embed Frameworks";
			runOnlyForDeploymentPostprocessing = 0;
		};
/* End PBXCopyFilesBuildPhase section */

/* Begin PBXFileReference section */
		112B0EB32E30DD0F00562D6C /* mediaremote-adapter.pl */ = {isa = PBXFileReference; lastKnownFileType = text.script.perl; path = "mediaremote-adapter.pl"; sourceTree = "<group>"; };
		112B0EB52E30DD0F00562D6C /* MediaRemoteAdapterTestClient */ = {isa = PBXFileReference; lastKnownFileType = "compiled.mach-o.executable"; path = MediaRemoteAdapterTestClient; sourceTree = "<group>"; };
		112B0EBA2E30DD5000562D6C /* MediaRemoteAdapter.framework */ = {isa = PBXFileReference; lastKnownFileType = wrapper.framework; name = MediaRemoteAdapter.framework; path = "mediaremote-adapter/MediaRemoteAdapter.framework"; sourceTree = "<group>"; };
		11F7484F2EC9AABA00F841DB /* BoringNotchXPCHelper.xpc */ = {isa = PBXFileReference; explicitFileType = "wrapper.xpc-service"; includeInIndex = 0; path = BoringNotchXPCHelper.xpc; sourceTree = BUILT_PRODUCTS_DIR; };
		1443E7F42C609E650027C1FC /* Info.plist */ = {isa = PBXFileReference; lastKnownFileType = text.plist.xml; path = Info.plist; sourceTree = "<group>"; };
		14A7E5962C65FD31008C1BE9 /* boring.m4a */ = {isa = PBXFileReference; lastKnownFileType = file; path = boring.m4a; sourceTree = "<group>"; };
		14CEF4122C5CAED300855D72 /* boringNotch.app */ = {isa = PBXFileReference; explicitFileType = wrapper.application; includeInIndex = 0; path = boringNotch.app; sourceTree = BUILT_PRODUCTS_DIR; };
		14CEF4152C5CAED300855D72 /* BoringNotchApp.swift */ = {isa = PBXFileReference; lastKnownFileType = sourcecode.swift; path = BoringNotchApp.swift; sourceTree = "<group>"; };
		14CEF4172C5CAED300855D72 /* ContentView.swift */ = {isa = PBXFileReference; lastKnownFileType = sourcecode.swift; path = ContentView.swift; sourceTree = "<group>"; };
		14CEF4192C5CAED400855D72 /* Assets.xcassets */ = {isa = PBXFileReference; lastKnownFileType = folder.assetcatalog; path = Assets.xcassets; sourceTree = "<group>"; };
		14CEF41C2C5CAED400855D72 /* Preview Assets.xcassets */ = {isa = PBXFileReference; lastKnownFileType = folder.assetcatalog; path = "Preview Assets.xcassets"; sourceTree = "<group>"; };
		14CEF41E2C5CAED400855D72 /* boringNotch.entitlements */ = {isa = PBXFileReference; lastKnownFileType = text.plist.entitlements; path = boringNotch.entitlements; sourceTree = "<group>"; };
		14D031ED2C689DB70096E6A1 /* IOKit.framework */ = {isa = PBXFileReference; lastKnownFileType = wrapper.framework; name = IOKit.framework; path = System/Library/Frameworks/IOKit.framework; sourceTree = SDKROOT; };
		14D031EF2C689DC00096E6A1 /* ApplicationServices.framework */ = {isa = PBXFileReference; lastKnownFileType = wrapper.framework; name = ApplicationServices.framework; path = System/Library/Frameworks/ApplicationServices.framework; sourceTree = SDKROOT; };
		1FEB3CC82EDDEE8B0017840F /* AppDelegate.swift */ = {isa = PBXFileReference; lastKnownFileType = sourcecode.swift; path = AppDelegate.swift; sourceTree = "<group>"; };
		B17266E02C6532560031BA0D /* Localizable.xcstrings */ = {isa = PBXFileReference; lastKnownFileType = text.json.xcstrings; path = Localizable.xcstrings; sourceTree = "<group>"; };
/* End PBXFileReference section */

/* Begin PBXFileSystemSynchronizedBuildFileExceptionSet section */
		1FEB3CA32EDDE0900017840F /* PBXFileSystemSynchronizedBuildFileExceptionSet */ = {
			isa = PBXFileSystemSynchronizedBuildFileExceptionSet;
			membershipExceptions = (
				XPC/BoringNotchXPCHelper/BoringNotchXPCHelper.swift,
				XPC/BoringNotchXPCHelper/BoringNotchXPCHelperProtocol.swift,
				XPC/BoringNotchXPCHelper/Info.plist,
				XPC/BoringNotchXPCHelper/main.swift,
			);
			target = 14CEF4112C5CAED300855D72 /* boringNotch */;
		};
		1FEB3CA42EDDE0900017840F /* PBXFileSystemSynchronizedBuildFileExceptionSet */ = {
			isa = PBXFileSystemSynchronizedBuildFileExceptionSet;
			membershipExceptions = (
				XPC/BoringNotchXPCHelper/BoringNotchXPCHelper.swift,
				XPC/BoringNotchXPCHelper/BoringNotchXPCHelperProtocol.swift,
				XPC/BoringNotchXPCHelper/main.swift,
			);
			target = 11F7484E2EC9AABA00F841DB /* BoringNotchXPCHelper */;
		};
/* End PBXFileSystemSynchronizedBuildFileExceptionSet section */

/* Begin PBXFileSystemSynchronizedRootGroup section */
		1FEB3BCA2EDDDA3B0017840F /* Core */ = {isa = PBXFileSystemSynchronizedRootGroup; explicitFileTypes = {}; explicitFolders = (); path = Core; sourceTree = "<group>"; };
		1FEB3C0E2EDDDCC10017840F /* View */ = {isa = PBXFileSystemSynchronizedRootGroup; explicitFileTypes = {}; explicitFolders = (); path = View; sourceTree = "<group>"; };
		1FEB3C922EDDE0160017840F /* Services */ = {isa = PBXFileSystemSynchronizedRootGroup; exceptions = (1FEB3CA32EDDE0900017840F /* PBXFileSystemSynchronizedBuildFileExceptionSet */, 1FEB3CA42EDDE0900017840F /* PBXFileSystemSynchronizedBuildFileExceptionSet */, ); explicitFileTypes = {}; explicitFolders = (); path = Services; sourceTree = "<group>"; };
		1FEB3CB82EDDE0C30017840F /* Media */ = {isa = PBXFileSystemSynchronizedRootGroup; explicitFileTypes = {}; explicitFolders = (); path = Media; sourceTree = "<group>"; };
		1FEB3CB92EDDE1EC0017840F /* Observers */ = {isa = PBXFileSystemSynchronizedRootGroup; explicitFileTypes = {}; explicitFolders = (); path = Observers; sourceTree = "<group>"; };
		1FEB3CBA2EDDE21F0017840F /* Shortcuts */ = {isa = PBXFileSystemSynchronizedRootGroup; explicitFileTypes = {}; explicitFolders = (); path = Shortcuts; sourceTree = "<group>"; };
		1FEB3CBB2EDDE24B0017840F /* Models */ = {isa = PBXFileSystemSynchronizedRootGroup; explicitFileTypes = {}; explicitFolders = (); path = Models; sourceTree = "<group>"; };
		1FEB3CBC2EDDE25F0017840F /* Managers */ = {isa = PBXFileSystemSynchronizedRootGroup; explicitFileTypes = {}; explicitFolders = (); path = Managers; sourceTree = "<group>"; };
/* End PBXFileSystemSynchronizedRootGroup section */

/* Begin PBXFrameworksBuildPhase section */
		11F7484C2EC9AABA00F841DB /* Frameworks */ = {
			isa = PBXFrameworksBuildPhase;
			buildActionMask = 2147483647;
			files = (
			);
			runOnlyForDeploymentPostprocessing = 0;
		};
		14CEF40F2C5CAED300855D72 /* Frameworks */ = {
			isa = PBXFrameworksBuildPhase;
			buildActionMask = 2147483647;
			files = (
				111BEA5F2ED07A340079DD4E /* MacroVisionKit in Frameworks */,
				9A987A102C73CA8D005CA465 /* Collections in Frameworks */,
				1194E8852EA57D23009C82D6 /* SkyLightWindow in Frameworks */,
				112B0EBB2E30DD5000562D6C /* MediaRemoteAdapter.framework in Frameworks */,
				14D0321D2C68F3350096E6A1 /* Sparkle in Frameworks */,
				111BEA6F2ED166E20079DD4E /* MacroVisionKit in Frameworks */,
				11F748732EC9DA9300F841DB /* Lottie in Frameworks */,
				14D0321A2C68F32E0096E6A1 /* LaunchAtLogin in Frameworks */,
				111BEA512ECFBF7F0079DD4E /* MacroVisionKit in Frameworks */,
				B18654392C6F4990000B926A /* KeyboardShortcuts in Frameworks */,
				B19016222CC15B3D00E3F12E /* Defaults in Frameworks */,
				111BE95D2ECD71E10079DD4E /* AsyncXPCConnection in Frameworks */,
				B1628B922CC260C0003D8DF3 /* SwiftUIIntrospect in Frameworks */,
				1F78249F2EDBA5B6000E355F /* SegmentedFlowPicker in Frameworks */,
			);
			runOnlyForDeploymentPostprocessing = 0;
		};
/* End PBXFrameworksBuildPhase section */

/* Begin PBXGroup section */
		112B0EB62E30DD0F00562D6C /* mediaremote-adapter */ = {
			isa = PBXGroup;
			children = (
				112B0EB32E30DD0F00562D6C /* mediaremote-adapter.pl */,
				112B0EB52E30DD0F00562D6C /* MediaRemoteAdapterTestClient */,
			);
			path = "mediaremote-adapter";
			sourceTree = "<group>";
		};
		14CEF4092C5CAED200855D72 = {
			isa = PBXGroup;
			children = (
				112B0EB62E30DD0F00562D6C /* mediaremote-adapter */,
				14CEF4142C5CAED300855D72 /* boringNotch */,
				14CEF4132C5CAED300855D72 /* Products */,
				14D031EC2C689DB70096E6A1 /* Frameworks */,
			);
			sourceTree = "<group>";
		};
		14CEF4132C5CAED300855D72 /* Products */ = {
			isa = PBXGroup;
			children = (
				14CEF4122C5CAED300855D72 /* boringNotch.app */,
				11F7484F2EC9AABA00F841DB /* BoringNotchXPCHelper.xpc */,
			);
			name = Products;
			sourceTree = "<group>";
		};
		14CEF4142C5CAED300855D72 /* boringNotch */ = {
			isa = PBXGroup;
			children = (
				1FEB3CC82EDDEE8B0017840F /* AppDelegate.swift */,
				1FEB3CBC2EDDE25F0017840F /* Managers */,
				1FEB3CBB2EDDE24B0017840F /* Models */,
				1FEB3CBA2EDDE21F0017840F /* Shortcuts */,
				1FEB3CB92EDDE1EC0017840F /* Observers */,
				1FEB3CB82EDDE0C30017840F /* Media */,
				1FEB3C922EDDE0160017840F /* Services */,
				1FEB3C0E2EDDDCC10017840F /* View */,
				1FEB3BCA2EDDDA3B0017840F /* Core */,
				14CEF4152C5CAED300855D72 /* BoringNotchApp.swift */,
				14CEF4172C5CAED300855D72 /* ContentView.swift */,
				B17266E02C6532560031BA0D /* Localizable.xcstrings */,
				14CEF4192C5CAED400855D72 /* Assets.xcassets */,
				14A7E5962C65FD31008C1BE9 /* boring.m4a */,
				1443E7F42C609E650027C1FC /* Info.plist */,
				14CEF41E2C5CAED400855D72 /* boringNotch.entitlements */,
				14CEF41B2C5CAED400855D72 /* Preview Content */,
			);
			path = boringNotch;
			sourceTree = "<group>";
		};
		14CEF41B2C5CAED400855D72 /* Preview Content */ = {
			isa = PBXGroup;
			children = (
				14CEF41C2C5CAED400855D72 /* Preview Assets.xcassets */,
			);
			path = "Preview Content";
			sourceTree = "<group>";
		};
		14D031EC2C689DB70096E6A1 /* Frameworks */ = {
			isa = PBXGroup;
			children = (
				14D031EF2C689DC00096E6A1 /* ApplicationServices.framework */,
				14D031ED2C689DB70096E6A1 /* IOKit.framework */,
				112B0EBA2E30DD5000562D6C /* MediaRemoteAdapter.framework */,
			);
			name = Frameworks;
			sourceTree = "<group>";
		};
/* End PBXGroup section */

/* Begin PBXNativeTarget section */
		11F7484E2EC9AABA00F841DB /* BoringNotchXPCHelper */ = {
			isa = PBXNativeTarget;
			buildConfigurationList = 11F7485D2EC9AABA00F841DB /* Build configuration list for PBXNativeTarget "BoringNotchXPCHelper" */;
			buildPhases = (
				11F7484B2EC9AABA00F841DB /* Sources */,
				11F7484C2EC9AABA00F841DB /* Frameworks */,
				11F7484D2EC9AABA00F841DB /* Resources */,
			);
			buildRules = (
			);
			dependencies = (
			);
			name = BoringNotchXPCHelper;
			packageProductDependencies = (
			);
			productName = BoringNotchXPCHelper;
			productReference = 11F7484F2EC9AABA00F841DB /* BoringNotchXPCHelper.xpc */;
			productType = "com.apple.product-type.xpc-service";
		};
		14CEF4112C5CAED300855D72 /* boringNotch */ = {
			isa = PBXNativeTarget;
			buildConfigurationList = 14CEF4212C5CAED400855D72 /* Build configuration list for PBXNativeTarget "boringNotch" */;
			buildPhases = (
				14CEF40E2C5CAED300855D72 /* Sources */,
				14CEF40F2C5CAED300855D72 /* Frameworks */,
				14CEF4102C5CAED300855D72 /* Resources */,
				B1ECFA062C6FE58A002ACD87 /* Embed Frameworks */,
				11F748412EC8051E00F841DB /* Embed XPC Services */,
			);
			buildRules = (
			);
			dependencies = (
				11F7485A2EC9AABA00F841DB /* PBXTargetDependency */,
			);
			fileSystemSynchronizedGroups = (
				1FEB3BCA2EDDDA3B0017840F /* Core */,
				1FEB3C0E2EDDDCC10017840F /* View */,
				1FEB3C922EDDE0160017840F /* Services */,
				1FEB3CB82EDDE0C30017840F /* Media */,
				1FEB3CB92EDDE1EC0017840F /* Observers */,
				1FEB3CBA2EDDE21F0017840F /* Shortcuts */,
				1FEB3CBB2EDDE24B0017840F /* Models */,
				1FEB3CBC2EDDE25F0017840F /* Managers */,
			);
			name = boringNotch;
			packageProductDependencies = (
				14D032192C68F32E0096E6A1 /* LaunchAtLogin */,
				14D0321C2C68F3350096E6A1 /* Sparkle */,
				B18654382C6F4990000B926A /* KeyboardShortcuts */,
				9A987A0F2C73CA8D005CA465 /* Collections */,
				B19016212CC15B3D00E3F12E /* Defaults */,
				B1628B912CC260C0003D8DF3 /* SwiftUIIntrospect */,
				1194E8842EA57D23009C82D6 /* SkyLightWindow */,
				11F748722EC9DA9300F841DB /* Lottie */,
				111BE95C2ECD71E10079DD4E /* AsyncXPCConnection */,
				111BEA502ECFBF7F0079DD4E /* MacroVisionKit */,
				111BEA5E2ED07A340079DD4E /* MacroVisionKit */,
				111BEA6E2ED166E20079DD4E /* MacroVisionKit */,
				1F78249E2EDBA5B6000E355F /* SegmentedFlowPicker */,
			);
			productName = dynamicNotch;
			productReference = 14CEF4122C5CAED300855D72 /* boringNotch.app */;
			productType = "com.apple.product-type.application";
		};
/* End PBXNativeTarget section */

/* Begin PBXProject section */
		14CEF40A2C5CAED200855D72 /* Project object */ = {
			isa = PBXProject;
			attributes = {
				BuildIndependentTargetsInParallel = 1;
				LastSwiftUpdateCheck = 1640;
				LastUpgradeCheck = 2610;
				TargetAttributes = {
					11F7484E2EC9AABA00F841DB = {
						CreatedOnToolsVersion = 16.4;
					};
					14CEF4112C5CAED300855D72 = {
						CreatedOnToolsVersion = 15.4;
						LastSwiftMigration = 1540;
					};
				};
			};
			buildConfigurationList = 14CEF40D2C5CAED200855D72 /* Build configuration list for PBXProject "boringNotch" */;
			compatibilityVersion = "Xcode 14.0";
			developmentRegion = en;
			hasScannedForEncodings = 0;
			knownRegions = (
				en,
				Base,
			);
			mainGroup = 14CEF4092C5CAED200855D72;
			packageReferences = (
				14D032182C68F32E0096E6A1 /* XCRemoteSwiftPackageReference "LaunchAtLogin-Modern" */,
				14D0321B2C68F3350096E6A1 /* XCRemoteSwiftPackageReference "Sparkle" */,
				B18654372C6F4990000B926A /* XCRemoteSwiftPackageReference "KeyboardShortcuts" */,
				9A987A0E2C73CA8D005CA465 /* XCRemoteSwiftPackageReference "swift-collections" */,
				9A987A112C73CAA1005CA465 /* XCRemoteSwiftPackageReference "Pow" */,
				B19016202CC15B3D00E3F12E /* XCRemoteSwiftPackageReference "Defaults" */,
				B1628B902CC260C0003D8DF3 /* XCRemoteSwiftPackageReference "swiftui-introspect" */,
				1194E8832EA57D23009C82D6 /* XCRemoteSwiftPackageReference "SkyLightWindow" */,
				11F748712EC9DA9300F841DB /* XCRemoteSwiftPackageReference "lottie-spm" */,
				111BE95B2ECD71E10079DD4E /* XCRemoteSwiftPackageReference "AsyncXPCConnection" */,
				111BEA6D2ED166E20079DD4E /* XCRemoteSwiftPackageReference "MacroVisionKit" */,
				1F78249D2EDBA5B6000E355F /* XCRemoteSwiftPackageReference "SwiftFlowPicker" */,
			);
			productRefGroup = 14CEF4132C5CAED300855D72 /* Products */;
			projectDirPath = "";
			projectRoot = "";
			targets = (
				14CEF4112C5CAED300855D72 /* boringNotch */,
				11F7484E2EC9AABA00F841DB /* BoringNotchXPCHelper */,
			);
		};
/* End PBXProject section */

/* Begin PBXResourcesBuildPhase section */
		11F7484D2EC9AABA00F841DB /* Resources */ = {
			isa = PBXResourcesBuildPhase;
			buildActionMask = 2147483647;
			files = (
			);
			runOnlyForDeploymentPostprocessing = 0;
		};
		14CEF4102C5CAED300855D72 /* Resources */ = {
			isa = PBXResourcesBuildPhase;
			buildActionMask = 2147483647;
			files = (
				14CEF41D2C5CAED400855D72 /* Preview Assets.xcassets in Resources */,
				14CEF41A2C5CAED400855D72 /* Assets.xcassets in Resources */,
				112B0EB82E30DD0F00562D6C /* MediaRemoteAdapterTestClient in Resources */,
				112B0EB92E30DD0F00562D6C /* mediaremote-adapter.pl in Resources */,
				B17266E12C6532560031BA0D /* Localizable.xcstrings in Resources */,
				14A7E5972C65FD31008C1BE9 /* boring.m4a in Resources */,
			);
			runOnlyForDeploymentPostprocessing = 0;
		};
/* End PBXResourcesBuildPhase section */

/* Begin PBXSourcesBuildPhase section */
		11F7484B2EC9AABA00F841DB /* Sources */ = {
			isa = PBXSourcesBuildPhase;
			buildActionMask = 2147483647;
			files = (
			);
			runOnlyForDeploymentPostprocessing = 0;
		};
		14CEF40E2C5CAED300855D72 /* Sources */ = {
			isa = PBXSourcesBuildPhase;
			buildActionMask = 2147483647;
			files = (
				1FEB3CC92EDDEE8E0017840F /* AppDelegate.swift in Sources */,
				14CEF4182C5CAED300855D72 /* ContentView.swift in Sources */,
				14CEF4162C5CAED300855D72 /* BoringNotchApp.swift in Sources */,
			);
			runOnlyForDeploymentPostprocessing = 0;
		};
/* End PBXSourcesBuildPhase section */

/* Begin PBXTargetDependency section */
		11F7485A2EC9AABA00F841DB /* PBXTargetDependency */ = {
			isa = PBXTargetDependency;
			target = 11F7484E2EC9AABA00F841DB /* BoringNotchXPCHelper */;
			targetProxy = 11F748592EC9AABA00F841DB /* PBXContainerItemProxy */;
		};
/* End PBXTargetDependency section */

/* Begin XCBuildConfiguration section */
		11F7485E2EC9AABA00F841DB /* Debug */ = {
			isa = XCBuildConfiguration;
			buildSettings = {
				CODE_SIGN_ENTITLEMENTS = boringNotch/Services/XPC/BoringNotchXPCHelper/Base.lproj/BoringNotchXPCHelper.entitlements;
				CODE_SIGN_IDENTITY = "Apple Development";
				"CODE_SIGN_IDENTITY[sdk=macosx*]" = "-";
				CODE_SIGN_STYLE = Automatic;
				COMBINE_HIDPI_IMAGES = YES;
				CURRENT_PROJECT_VERSION = 271;
				DEVELOPMENT_TEAM = "";
				ENABLE_HARDENED_RUNTIME = YES;
				GENERATE_INFOPLIST_FILE = YES;
				INFOPLIST_FILE = boringNotch/Services/XPC/BoringNotchXPCHelper/Info.plist;
				INFOPLIST_KEY_CFBundleDisplayName = BoringNotchXPCHelper;
				INFOPLIST_KEY_NSHumanReadableCopyright = "";
				MACOSX_DEPLOYMENT_TARGET = 14.0;
				MARKETING_VERSION = 2.7.3;
				PRODUCT_BUNDLE_IDENTIFIER = theboringteam.boringnotch.BoringNotchXPCHelper;
				PRODUCT_NAME = "$(TARGET_NAME)";
				REGISTER_APP_GROUPS = YES;
				SKIP_INSTALL = YES;
				SWIFT_EMIT_LOC_STRINGS = YES;
				SWIFT_VERSION = 5.0;
			};
			name = Debug;
		};
		11F7485F2EC9AABA00F841DB /* Release */ = {
			isa = XCBuildConfiguration;
			buildSettings = {
				CODE_SIGN_ENTITLEMENTS = boringNotch/Services/XPC/BoringNotchXPCHelper/Base.lproj/BoringNotchXPCHelper.entitlements;
				CODE_SIGN_IDENTITY = "Apple Development";
				"CODE_SIGN_IDENTITY[sdk=macosx*]" = "-";
				CODE_SIGN_STYLE = Automatic;
				COMBINE_HIDPI_IMAGES = YES;
				CURRENT_PROJECT_VERSION = 271;
				DEVELOPMENT_TEAM = "";
				ENABLE_HARDENED_RUNTIME = YES;
				GENERATE_INFOPLIST_FILE = YES;
				INFOPLIST_FILE = boringNotch/Services/XPC/BoringNotchXPCHelper/Info.plist;
				INFOPLIST_KEY_CFBundleDisplayName = BoringNotchXPCHelper;
				INFOPLIST_KEY_NSHumanReadableCopyright = "";
				MACOSX_DEPLOYMENT_TARGET = 14.0;
				MARKETING_VERSION = 2.7.3;
				PRODUCT_BUNDLE_IDENTIFIER = theboringteam.boringnotch.BoringNotchXPCHelper;
				PRODUCT_NAME = "$(TARGET_NAME)";
				REGISTER_APP_GROUPS = YES;
				SKIP_INSTALL = YES;
				SWIFT_EMIT_LOC_STRINGS = YES;
				SWIFT_VERSION = 5.0;
			};
			name = Release;
		};
		14CEF41F2C5CAED400855D72 /* Debug */ = {
			isa = XCBuildConfiguration;
			buildSettings = {
				ALWAYS_SEARCH_USER_PATHS = NO;
				ASSETCATALOG_COMPILER_GENERATE_SWIFT_ASSET_SYMBOL_EXTENSIONS = YES;
				CLANG_ANALYZER_NONNULL = YES;
				CLANG_ANALYZER_NUMBER_OBJECT_CONVERSION = YES_AGGRESSIVE;
				CLANG_CXX_LANGUAGE_STANDARD = "gnu++20";
				CLANG_ENABLE_MODULES = YES;
				CLANG_ENABLE_OBJC_ARC = YES;
				CLANG_ENABLE_OBJC_WEAK = YES;
				CLANG_WARN_BLOCK_CAPTURE_AUTORELEASING = YES;
				CLANG_WARN_BOOL_CONVERSION = YES;
				CLANG_WARN_COMMA = YES;
				CLANG_WARN_CONSTANT_CONVERSION = YES;
				CLANG_WARN_DEPRECATED_OBJC_IMPLEMENTATIONS = YES;
				CLANG_WARN_DIRECT_OBJC_ISA_USAGE = YES_ERROR;
				CLANG_WARN_DOCUMENTATION_COMMENTS = YES;
				CLANG_WARN_EMPTY_BODY = YES;
				CLANG_WARN_ENUM_CONVERSION = YES;
				CLANG_WARN_INFINITE_RECURSION = YES;
				CLANG_WARN_INT_CONVERSION = YES;
				CLANG_WARN_NON_LITERAL_NULL_CONVERSION = YES;
				CLANG_WARN_OBJC_IMPLICIT_RETAIN_SELF = YES;
				CLANG_WARN_OBJC_LITERAL_CONVERSION = YES;
				CLANG_WARN_OBJC_ROOT_CLASS = YES_ERROR;
				CLANG_WARN_QUOTED_INCLUDE_IN_FRAMEWORK_HEADER = YES;
				CLANG_WARN_RANGE_LOOP_ANALYSIS = YES;
				CLANG_WARN_STRICT_PROTOTYPES = YES;
				CLANG_WARN_SUSPICIOUS_MOVE = YES;
				CLANG_WARN_UNGUARDED_AVAILABILITY = YES_AGGRESSIVE;
				CLANG_WARN_UNREACHABLE_CODE = YES;
				CLANG_WARN__DUPLICATE_METHOD_MATCH = YES;
				COPY_PHASE_STRIP = NO;
				DEAD_CODE_STRIPPING = YES;
				DEBUG_INFORMATION_FORMAT = dwarf;
				ENABLE_STRICT_OBJC_MSGSEND = YES;
				ENABLE_TESTABILITY = YES;
				ENABLE_USER_SCRIPT_SANDBOXING = YES;
				GCC_C_LANGUAGE_STANDARD = gnu17;
				GCC_DYNAMIC_NO_PIC = NO;
				GCC_NO_COMMON_BLOCKS = YES;
				GCC_OPTIMIZATION_LEVEL = 0;
				GCC_PREPROCESSOR_DEFINITIONS = (
					"DEBUG=1",
					"$(inherited)",
				);
				GCC_WARN_64_TO_32_BIT_CONVERSION = YES;
				GCC_WARN_ABOUT_RETURN_TYPE = YES_ERROR;
				GCC_WARN_UNDECLARED_SELECTOR = YES;
				GCC_WARN_UNINITIALIZED_AUTOS = YES_AGGRESSIVE;
				GCC_WARN_UNUSED_FUNCTION = YES;
				GCC_WARN_UNUSED_VARIABLE = YES;
				LOCALIZATION_PREFERS_STRING_CATALOGS = YES;
				MACOSX_DEPLOYMENT_TARGET = 14.0;
				MTL_ENABLE_DEBUG_INFO = INCLUDE_SOURCE;
				MTL_FAST_MATH = YES;
				ONLY_ACTIVE_ARCH = YES;
				SDKROOT = macosx;
				STRING_CATALOG_GENERATE_SYMBOLS = YES;
				SWIFT_ACTIVE_COMPILATION_CONDITIONS = "DEBUG $(inherited)";
				SWIFT_OPTIMIZATION_LEVEL = "-Onone";
				SWIFT_STRICT_CONCURRENCY = targeted;
				SWIFT_VERSION = 5.0;
			};
			name = Debug;
		};
		14CEF4202C5CAED400855D72 /* Release */ = {
			isa = XCBuildConfiguration;
			buildSettings = {
				ALWAYS_SEARCH_USER_PATHS = NO;
				ASSETCATALOG_COMPILER_GENERATE_SWIFT_ASSET_SYMBOL_EXTENSIONS = YES;
				CLANG_ANALYZER_NONNULL = YES;
				CLANG_ANALYZER_NUMBER_OBJECT_CONVERSION = YES_AGGRESSIVE;
				CLANG_CXX_LANGUAGE_STANDARD = "gnu++20";
				CLANG_ENABLE_MODULES = YES;
				CLANG_ENABLE_OBJC_ARC = YES;
				CLANG_ENABLE_OBJC_WEAK = YES;
				CLANG_WARN_BLOCK_CAPTURE_AUTORELEASING = YES;
				CLANG_WARN_BOOL_CONVERSION = YES;
				CLANG_WARN_COMMA = YES;
				CLANG_WARN_CONSTANT_CONVERSION = YES;
				CLANG_WARN_DEPRECATED_OBJC_IMPLEMENTATIONS = YES;
				CLANG_WARN_DIRECT_OBJC_ISA_USAGE = YES_ERROR;
				CLANG_WARN_DOCUMENTATION_COMMENTS = YES;
				CLANG_WARN_EMPTY_BODY = YES;
				CLANG_WARN_ENUM_CONVERSION = YES;
				CLANG_WARN_INFINITE_RECURSION = YES;
				CLANG_WARN_INT_CONVERSION = YES;
				CLANG_WARN_NON_LITERAL_NULL_CONVERSION = YES;
				CLANG_WARN_OBJC_IMPLICIT_RETAIN_SELF = YES;
				CLANG_WARN_OBJC_LITERAL_CONVERSION = YES;
				CLANG_WARN_OBJC_ROOT_CLASS = YES_ERROR;
				CLANG_WARN_QUOTED_INCLUDE_IN_FRAMEWORK_HEADER = YES;
				CLANG_WARN_RANGE_LOOP_ANALYSIS = YES;
				CLANG_WARN_STRICT_PROTOTYPES = YES;
				CLANG_WARN_SUSPICIOUS_MOVE = YES;
				CLANG_WARN_UNGUARDED_AVAILABILITY = YES_AGGRESSIVE;
				CLANG_WARN_UNREACHABLE_CODE = YES;
				CLANG_WARN__DUPLICATE_METHOD_MATCH = YES;
				COPY_PHASE_STRIP = NO;
				DEAD_CODE_STRIPPING = YES;
				DEBUG_INFORMATION_FORMAT = "dwarf-with-dsym";
				ENABLE_NS_ASSERTIONS = NO;
				ENABLE_STRICT_OBJC_MSGSEND = YES;
				ENABLE_USER_SCRIPT_SANDBOXING = YES;
				GCC_C_LANGUAGE_STANDARD = gnu17;
				GCC_NO_COMMON_BLOCKS = YES;
				GCC_WARN_64_TO_32_BIT_CONVERSION = YES;
				GCC_WARN_ABOUT_RETURN_TYPE = YES_ERROR;
				GCC_WARN_UNDECLARED_SELECTOR = YES;
				GCC_WARN_UNINITIALIZED_AUTOS = YES_AGGRESSIVE;
				GCC_WARN_UNUSED_FUNCTION = YES;
				GCC_WARN_UNUSED_VARIABLE = YES;
				LOCALIZATION_PREFERS_STRING_CATALOGS = YES;
				MACOSX_DEPLOYMENT_TARGET = 14.0;
				MTL_ENABLE_DEBUG_INFO = NO;
				MTL_FAST_MATH = YES;
				SDKROOT = macosx;
				STRING_CATALOG_GENERATE_SYMBOLS = YES;
				SWIFT_COMPILATION_MODE = wholemodule;
				SWIFT_STRICT_CONCURRENCY = targeted;
				SWIFT_VERSION = 5.0;
			};
			name = Release;
		};
		14CEF4222C5CAED400855D72 /* Debug */ = {
			isa = XCBuildConfiguration;
			buildSettings = {
				ASSETCATALOG_COMPILER_APPICON_NAME = AppIcon;
				ASSETCATALOG_COMPILER_GLOBAL_ACCENT_COLOR_NAME = AccentColor;
				ASSETCATALOG_COMPILER_INCLUDE_ALL_APPICON_ASSETS = YES;
				AUTOMATION_APPLE_EVENTS = YES;
				CLANG_ENABLE_MODULES = YES;
				CODE_SIGN_ALLOW_ENTITLEMENTS_MODIFICATION = YES;
				CODE_SIGN_ENTITLEMENTS = boringNotch/boringNotch.entitlements;
				CODE_SIGN_IDENTITY = "Apple Development";
				"CODE_SIGN_IDENTITY[sdk=macosx*]" = "-";
				CODE_SIGN_STYLE = Automatic;
				COMBINE_HIDPI_IMAGES = YES;
				CURRENT_PROJECT_VERSION = 271;
				DEAD_CODE_STRIPPING = YES;
				DEVELOPMENT_ASSET_PATHS = "\"boringNotch/Preview Content\"";
				DEVELOPMENT_TEAM = "";
				ENABLE_APP_SANDBOX = YES;
				ENABLE_HARDENED_RUNTIME = YES;
				ENABLE_INCOMING_NETWORK_CONNECTIONS = YES;
				ENABLE_OUTGOING_NETWORK_CONNECTIONS = YES;
				ENABLE_PREVIEWS = YES;
				ENABLE_RESOURCE_ACCESS_CALENDARS = YES;
				ENABLE_RESOURCE_ACCESS_CAMERA = YES;
				ENABLE_USER_SCRIPT_SANDBOXING = YES;
				ENABLE_USER_SELECTED_FILES = readwrite;
				FRAMEWORK_SEARCH_PATHS = (
					"$(inherited)",
					"$(PROJECT_DIR)/mediaremote-adapter",
				);
				GENERATE_INFOPLIST_FILE = YES;
				INFOPLIST_FILE = boringNotch/Info.plist;
				INFOPLIST_KEY_CFBundleDisplayName = TheBoringNotch;
				INFOPLIST_KEY_LSApplicationCategoryType = "public.app-category.utilities";
				INFOPLIST_KEY_LSBackgroundOnly = NO;
				INFOPLIST_KEY_LSUIElement = YES;
				INFOPLIST_KEY_NSAppleEventsUsageDescription = "This app uses AppleEvents to control music";
				INFOPLIST_KEY_NSCalendarsUsageDescription = "This app uses the calendar to display your calendar events";
				INFOPLIST_KEY_NSCameraUsageDescription = "This app uses the camera to display a live camera view";
				INFOPLIST_KEY_NSHumanReadableCopyright = "";
				INFOPLIST_KEY_NSRemindersUsageDescription = "This app uses Reminders to display your scheduled reminder in the calendar";
				LD_RUNPATH_SEARCH_PATHS = (
					"$(inherited)",
					"@executable_path/../Frameworks",
				);
				MACOSX_DEPLOYMENT_TARGET = 14.0;
				MARKETING_VERSION = 2.7.3;
				PRODUCT_BUNDLE_IDENTIFIER = theboringteam.boringnotch;
				PRODUCT_NAME = "$(TARGET_NAME)";
				PROVISIONING_PROFILE_SPECIFIER = "";
				SWIFT_EMIT_LOC_STRINGS = YES;
				SWIFT_STRICT_CONCURRENCY = targeted;
				SWIFT_VERSION = 5.0;
				SYSTEM_FRAMEWORK_SEARCH_PATHS = (
					"$(inherited)",
					"$(SDKROOT)/System/Library/PrivateFrameworks",
				);
			};
			name = Debug;
		};
		14CEF4232C5CAED400855D72 /* Release */ = {
			isa = XCBuildConfiguration;
			buildSettings = {
				ASSETCATALOG_COMPILER_APPICON_NAME = AppIcon;
				ASSETCATALOG_COMPILER_GLOBAL_ACCENT_COLOR_NAME = AccentColor;
				ASSETCATALOG_COMPILER_INCLUDE_ALL_APPICON_ASSETS = YES;
				AUTOMATION_APPLE_EVENTS = YES;
				CLANG_ENABLE_MODULES = YES;
				CODE_SIGN_ALLOW_ENTITLEMENTS_MODIFICATION = YES;
				CODE_SIGN_ENTITLEMENTS = boringNotch/boringNotch.entitlements;
				CODE_SIGN_IDENTITY = "Apple Development";
				"CODE_SIGN_IDENTITY[sdk=macosx*]" = "-";
				CODE_SIGN_STYLE = Automatic;
				COMBINE_HIDPI_IMAGES = YES;
				CURRENT_PROJECT_VERSION = 271;
				DEAD_CODE_STRIPPING = YES;
				DEVELOPMENT_ASSET_PATHS = "\"boringNotch/Preview Content\"";
				DEVELOPMENT_TEAM = "";
				ENABLE_APP_SANDBOX = YES;
				ENABLE_HARDENED_RUNTIME = YES;
				ENABLE_INCOMING_NETWORK_CONNECTIONS = YES;
				ENABLE_OUTGOING_NETWORK_CONNECTIONS = YES;
				ENABLE_PREVIEWS = YES;
				ENABLE_RESOURCE_ACCESS_CALENDARS = YES;
				ENABLE_RESOURCE_ACCESS_CAMERA = YES;
				ENABLE_USER_SELECTED_FILES = readwrite;
				FRAMEWORK_SEARCH_PATHS = (
					"$(inherited)",
					"$(PROJECT_DIR)/mediaremote-adapter",
				);
				GENERATE_INFOPLIST_FILE = YES;
				INFOPLIST_FILE = boringNotch/Info.plist;
				INFOPLIST_KEY_CFBundleDisplayName = TheBoringNotch;
				INFOPLIST_KEY_LSApplicationCategoryType = "public.app-category.utilities";
				INFOPLIST_KEY_LSBackgroundOnly = NO;
				INFOPLIST_KEY_LSUIElement = YES;
				INFOPLIST_KEY_NSAppleEventsUsageDescription = "This app uses AppleEvents to control music";
				INFOPLIST_KEY_NSCalendarsUsageDescription = "This app uses the calendar to display your calendar events";
				INFOPLIST_KEY_NSCameraUsageDescription = "This app uses the camera to display a live camera view";
				INFOPLIST_KEY_NSHumanReadableCopyright = "";
				INFOPLIST_KEY_NSRemindersUsageDescription = "This app uses Reminders to display your scheduled reminder in the calendar";
				LD_RUNPATH_SEARCH_PATHS = (
					"$(inherited)",
					"@executable_path/../Frameworks",
				);
				MACOSX_DEPLOYMENT_TARGET = 14.0;
				MARKETING_VERSION = 2.7.3;
				PRODUCT_BUNDLE_IDENTIFIER = theboringteam.boringnotch;
				PRODUCT_NAME = "$(TARGET_NAME)";
				PROVISIONING_PROFILE_SPECIFIER = "";
				SWIFT_EMIT_LOC_STRINGS = YES;
				SWIFT_STRICT_CONCURRENCY = targeted;
				SWIFT_VERSION = 5.0;
				SYSTEM_FRAMEWORK_SEARCH_PATHS = (
					"$(inherited)",
					"$(SDKROOT)/System/Library/PrivateFrameworks",
				);
			};
			name = Release;
		};
/* End XCBuildConfiguration section */

/* Begin XCConfigurationList section */
		11F7485D2EC9AABA00F841DB /* Build configuration list for PBXNativeTarget "BoringNotchXPCHelper" */ = {
			isa = XCConfigurationList;
			buildConfigurations = (
				11F7485E2EC9AABA00F841DB /* Debug */,
				11F7485F2EC9AABA00F841DB /* Release */,
			);
			defaultConfigurationIsVisible = 0;
			defaultConfigurationName = Release;
		};
		14CEF40D2C5CAED200855D72 /* Build configuration list for PBXProject "boringNotch" */ = {
			isa = XCConfigurationList;
			buildConfigurations = (
				14CEF41F2C5CAED400855D72 /* Debug */,
				14CEF4202C5CAED400855D72 /* Release */,
			);
			defaultConfigurationIsVisible = 0;
			defaultConfigurationName = Release;
		};
		14CEF4212C5CAED400855D72 /* Build configuration list for PBXNativeTarget "boringNotch" */ = {
			isa = XCConfigurationList;
			buildConfigurations = (
				14CEF4222C5CAED400855D72 /* Debug */,
				14CEF4232C5CAED400855D72 /* Release */,
			);
			defaultConfigurationIsVisible = 0;
			defaultConfigurationName = Release;
		};
/* End XCConfigurationList section */

/* Begin XCRemoteSwiftPackageReference section */
		111BE95B2ECD71E10079DD4E /* XCRemoteSwiftPackageReference "AsyncXPCConnection" */ = {
			isa = XCRemoteSwiftPackageReference;
			repositoryURL = "https://github.com/ChimeHQ/AsyncXPCConnection";
			requirement = {
				kind = upToNextMajorVersion;
				minimumVersion = 1.3.0;
			};
		};
		111BEA6D2ED166E20079DD4E /* XCRemoteSwiftPackageReference "MacroVisionKit" */ = {
			isa = XCRemoteSwiftPackageReference;
			repositoryURL = "https://github.com/TheBoredTeam/MacroVisionKit";
			requirement = {
				kind = upToNextMajorVersion;
				minimumVersion = 0.2.0;
			};
		};
		1194E8832EA57D23009C82D6 /* XCRemoteSwiftPackageReference "SkyLightWindow" */ = {
			isa = XCRemoteSwiftPackageReference;
			repositoryURL = "https://github.com/Lakr233/SkyLightWindow";
			requirement = {
				kind = upToNextMajorVersion;
				minimumVersion = 1.0.0;
			};
		};
		11F748712EC9DA9300F841DB /* XCRemoteSwiftPackageReference "lottie-spm" */ = {
			isa = XCRemoteSwiftPackageReference;
			repositoryURL = "https://github.com/airbnb/lottie-spm.git";
			requirement = {
				kind = upToNextMajorVersion;
				minimumVersion = 4.5.2;
			};
		};
		14D032182C68F32E0096E6A1 /* XCRemoteSwiftPackageReference "LaunchAtLogin-Modern" */ = {
			isa = XCRemoteSwiftPackageReference;
			repositoryURL = "https://github.com/sindresorhus/LaunchAtLogin-Modern";
			requirement = {
				kind = upToNextMajorVersion;
				minimumVersion = 1.1.0;
			};
		};
		14D0321B2C68F3350096E6A1 /* XCRemoteSwiftPackageReference "Sparkle" */ = {
			isa = XCRemoteSwiftPackageReference;
			repositoryURL = "https://github.com/sparkle-project/Sparkle";
			requirement = {
				kind = upToNextMajorVersion;
				minimumVersion = 2.8.0;
			};
		};
		1F78249D2EDBA5B6000E355F /* XCRemoteSwiftPackageReference "SwiftFlowPicker" */ = {
			isa = XCRemoteSwiftPackageReference;
			repositoryURL = "https://github.com/Hylo-dev/SwiftFlowPicker.git";
			requirement = {
				branch = main;
				kind = branch;
			};
		};
		9A987A0E2C73CA8D005CA465 /* XCRemoteSwiftPackageReference "swift-collections" */ = {
			isa = XCRemoteSwiftPackageReference;
			repositoryURL = "https://github.com/apple/swift-collections.git";
			requirement = {
				kind = upToNextMajorVersion;
				minimumVersion = 1.1.2;
			};
		};
		9A987A112C73CAA1005CA465 /* XCRemoteSwiftPackageReference "Pow" */ = {
			isa = XCRemoteSwiftPackageReference;
			repositoryURL = "https://github.com/EmergeTools/Pow";
			requirement = {
				kind = upToNextMajorVersion;
				minimumVersion = 1.0.4;
			};
		};
		B1628B902CC260C0003D8DF3 /* XCRemoteSwiftPackageReference "swiftui-introspect" */ = {
			isa = XCRemoteSwiftPackageReference;
			repositoryURL = "https://github.com/siteline/swiftui-introspect";
			requirement = {
				kind = upToNextMajorVersion;
				minimumVersion = 1.3.0;
			};
		};
		B18654372C6F4990000B926A /* XCRemoteSwiftPackageReference "KeyboardShortcuts" */ = {
			isa = XCRemoteSwiftPackageReference;
			repositoryURL = "https://github.com/sindresorhus/KeyboardShortcuts";
			requirement = {
				kind = upToNextMajorVersion;
				minimumVersion = 2.2.4;
			};
		};
		B19016202CC15B3D00E3F12E /* XCRemoteSwiftPackageReference "Defaults" */ = {
			isa = XCRemoteSwiftPackageReference;
			repositoryURL = "https://github.com/sindresorhus/Defaults";
			requirement = {
				kind = upToNextMajorVersion;
				minimumVersion = 9.0.2;
			};
		};
/* End XCRemoteSwiftPackageReference section */

/* Begin XCSwiftPackageProductDependency section */
		111BE95C2ECD71E10079DD4E /* AsyncXPCConnection */ = {
			isa = XCSwiftPackageProductDependency;
			package = 111BE95B2ECD71E10079DD4E /* XCRemoteSwiftPackageReference "AsyncXPCConnection" */;
			productName = AsyncXPCConnection;
		};
		111BEA502ECFBF7F0079DD4E /* MacroVisionKit */ = {
			isa = XCSwiftPackageProductDependency;
			productName = MacroVisionKit;
		};
		111BEA5E2ED07A340079DD4E /* MacroVisionKit */ = {
			isa = XCSwiftPackageProductDependency;
			productName = MacroVisionKit;
		};
		111BEA6E2ED166E20079DD4E /* MacroVisionKit */ = {
			isa = XCSwiftPackageProductDependency;
			package = 111BEA6D2ED166E20079DD4E /* XCRemoteSwiftPackageReference "MacroVisionKit" */;
			productName = MacroVisionKit;
		};
		1194E8842EA57D23009C82D6 /* SkyLightWindow */ = {
			isa = XCSwiftPackageProductDependency;
			package = 1194E8832EA57D23009C82D6 /* XCRemoteSwiftPackageReference "SkyLightWindow" */;
			productName = SkyLightWindow;
		};
		11F748722EC9DA9300F841DB /* Lottie */ = {
			isa = XCSwiftPackageProductDependency;
			package = 11F748712EC9DA9300F841DB /* XCRemoteSwiftPackageReference "lottie-spm" */;
			productName = Lottie;
		};
		14D032192C68F32E0096E6A1 /* LaunchAtLogin */ = {
			isa = XCSwiftPackageProductDependency;
			package = 14D032182C68F32E0096E6A1 /* XCRemoteSwiftPackageReference "LaunchAtLogin-Modern" */;
			productName = LaunchAtLogin;
		};
		14D0321C2C68F3350096E6A1 /* Sparkle */ = {
			isa = XCSwiftPackageProductDependency;
			package = 14D0321B2C68F3350096E6A1 /* XCRemoteSwiftPackageReference "Sparkle" */;
			productName = Sparkle;
		};
		1F78249E2EDBA5B6000E355F /* SegmentedFlowPicker */ = {
			isa = XCSwiftPackageProductDependency;
			package = 1F78249D2EDBA5B6000E355F /* XCRemoteSwiftPackageReference "SwiftFlowPicker" */;
			productName = SegmentedFlowPicker;
		};
		9A987A0F2C73CA8D005CA465 /* Collections */ = {
			isa = XCSwiftPackageProductDependency;
			package = 9A987A0E2C73CA8D005CA465 /* XCRemoteSwiftPackageReference "swift-collections" */;
			productName = Collections;
		};
		B1628B912CC260C0003D8DF3 /* SwiftUIIntrospect */ = {
			isa = XCSwiftPackageProductDependency;
			package = B1628B902CC260C0003D8DF3 /* XCRemoteSwiftPackageReference "swiftui-introspect" */;
			productName = SwiftUIIntrospect;
		};
		B18654382C6F4990000B926A /* KeyboardShortcuts */ = {
			isa = XCSwiftPackageProductDependency;
			package = B18654372C6F4990000B926A /* XCRemoteSwiftPackageReference "KeyboardShortcuts" */;
			productName = KeyboardShortcuts;
		};
		B19016212CC15B3D00E3F12E /* Defaults */ = {
			isa = XCSwiftPackageProductDependency;
			package = B19016202CC15B3D00E3F12E /* XCRemoteSwiftPackageReference "Defaults" */;
			productName = Defaults;
		};
/* End XCSwiftPackageProductDependency section */
	};
	rootObject = 14CEF40A2C5CAED200855D72 /* Project object */;
}
